
Microsoft Visual Studio Solution File, Format Version 12.00
# Visual Studio Version 17
VisualStudioVersion = 17.4.33213.308
MinimumVisualStudioVersion = 10.0.40219.1
Project("{FAE04EC0-301F-11D3-BF4B-00C04F79EFBC}") = "RVInstructionListing", "RVInstructionListing\RVInstructionListing.csproj", "{58188DD3-F294-46CD-B0D0-D0BC5B77B3D9}"
EndProject
Global
	GlobalSection(SolutionConfigurationPlatforms) = preSolution
		Debug|Any CPU = Debug|Any CPU
		Release|Any CPU = Release|Any CPU
	EndGlobalSection
	GlobalSection(ProjectConfigurationPlatforms) = postSolution
		{58188DD3-F294-46CD-B0D0-D0BC5B77B3D9}.Debug|Any CPU.ActiveCfg = Debug|Any CPU
		{58188DD3-F294-46CD-B0D0-D0BC5B77B3D9}.Debug|Any CPU.Build.0 = Debug|Any CPU
		{58188DD3-F294-46CD-B0D0-D0BC5B77B3D9}.Release|Any CPU.ActiveCfg = Release|Any CPU
		{58188DD3-F294-46CD-B0D0-D0BC5B77B3D9}.Release|Any CPU.Build.0 = Release|Any CPU
	EndGlobalSection
	GlobalSection(SolutionProperties) = preSolution
		HideSolutionNode = FALSE
	EndGlobalSection
	GlobalSection(ExtensibilityGlobals) = postSolution
		SolutionGuid = {493FD5B4-2593-47FA-82D0-3E5B3E314019}
	EndGlobalSection
EndGlobal
